
Microsoft Visual Studio Solution File, Format Version 12.00
# Visual Studio 2012
Project("{FAE04EC0-301F-11D3-BF4B-00C04F79EFBC}") = "Project", "Project\Project.csproj", "{35C6A416-B06C-4DD0-8EAB-270F2F2FE7BD}"
EndProject
Global
	GlobalSection(SolutionConfigurationPlatforms) = preSolution
		Debug|Any CPU = Debug|Any CPU
		Release|Any CPU = Release|Any CPU
	EndGlobalSection
	GlobalSection(ProjectConfigurationPlatforms) = postSolution
		{35C6A416-B06C-4DD0-8EAB-270F2F2FE7BD}.Debug|Any CPU.ActiveCfg = Debug|Any CPU
		{35C6A416-B06C-4DD0-8EAB-270F2F2FE7BD}.Debug|Any CPU.Build.0 = Debug|Any CPU
		{35C6A416-B06C-4DD0-8EAB-270F2F2FE7BD}.Release|Any CPU.ActiveCfg = Release|Any CPU
		{35C6A416-B06C-4DD0-8EAB-270F2F2FE7BD}.Release|Any CPU.Build.0 = Release|Any CPU
	EndGlobalSection
	GlobalSection(SolutionProperties) = preSolution
		HideSolutionNode = FALSE
	EndGlobalSection
EndGlobal
